
Microsoft Visual Studio Solution File, Format Version 12.00
# Visual Studio Version 16
VisualStudioVersion = 16.0.30204.135
MinimumVisualStudioVersion = 10.0.40219.1
Project("{FAE04EC0-301F-11D3-BF4B-00C04F79EFBC}") = "CGSJDSportsNotification.Android", "CGSJDSportsNotification.Android\CGSJDSportsNotification.Android.csproj", "{7AF5A55A-09B5-4B39-8915-DFBA121EE13B}"
EndProject
Project("{9A19103F-16F7-4668-BE54-9A1E7A4F7556}") = "CGSJDSportsNotification", "CGSJDSportsNotification\CGSJDSportsNotification.csproj", "{728789FD-89CB-4767-8072-87150A0935E4}"
EndProject
Global
	GlobalSection(SolutionConfigurationPlatforms) = preSolution
		Debug|Any CPU = Debug|Any CPU
		Release|Any CPU = Release|Any CPU
	EndGlobalSection
	GlobalSection(ProjectConfigurationPlatforms) = postSolution
		{7AF5A55A-09B5-4B39-8915-DFBA121EE13B}.Debug|Any CPU.ActiveCfg = Debug|Any CPU
		{7AF5A55A-09B5-4B39-8915-DFBA121EE13B}.Debug|Any CPU.Build.0 = Debug|Any CPU
		{7AF5A55A-09B5-4B39-8915-DFBA121EE13B}.Debug|Any CPU.Deploy.0 = Debug|Any CPU
		{7AF5A55A-09B5-4B39-8915-DFBA121EE13B}.Release|Any CPU.ActiveCfg = Release|Any CPU
		{7AF5A55A-09B5-4B39-8915-DFBA121EE13B}.Release|Any CPU.Build.0 = Release|Any CPU
		{7AF5A55A-09B5-4B39-8915-DFBA121EE13B}.Release|Any CPU.Deploy.0 = Release|Any CPU
		{728789FD-89CB-4767-8072-87150A0935E4}.Debug|Any CPU.ActiveCfg = Debug|Any CPU
		{728789FD-89CB-4767-8072-87150A0935E4}.Debug|Any CPU.Build.0 = Debug|Any CPU
		{728789FD-89CB-4767-8072-87150A0935E4}.Debug|Any CPU.Deploy.0 = Debug|Any CPU
		{728789FD-89CB-4767-8072-87150A0935E4}.Release|Any CPU.ActiveCfg = Release|Any CPU
		{728789FD-89CB-4767-8072-87150A0935E4}.Release|Any CPU.Build.0 = Release|Any CPU
		{728789FD-89CB-4767-8072-87150A0935E4}.Release|Any CPU.Deploy.0 = Release|Any CPU
	EndGlobalSection
	GlobalSection(SolutionProperties) = preSolution
		HideSolutionNode = FALSE
	EndGlobalSection
	GlobalSection(ExtensibilityGlobals) = postSolution
		SolutionGuid = {D66F7560-D880-4785-BE72-645DA0E5F864}
	EndGlobalSection
EndGlobal
